
Microsoft Visual Studio Solution File, Format Version 12.00
# Visual Studio Version 16
VisualStudioVersion = 16.0.30225.117
MinimumVisualStudioVersion = 10.0.40219.1
Project("{9A19103F-16F7-4668-BE54-9A1E7A4F7556}") = "DataStructures", "DataStructures\DataStructures.csproj", "{1C827989-CBA3-4F62-81B0-BD767574EAD0}"
EndProject
Project("{FAE04EC0-301F-11D3-BF4B-00C04F79EFBC}") = "DataStructures.Tests", "DataStructures.Tests\DataStructures.Tests.csproj", "{C9B48374-AEC1-4CA1-A72C-6C597019F08A}"
EndProject
Global
	GlobalSection(SolutionConfigurationPlatforms) = preSolution
		Debug|Any CPU = Debug|Any CPU
		Release|Any CPU = Release|Any CPU
	EndGlobalSection
	GlobalSection(ProjectConfigurationPlatforms) = postSolution
		{1C827989-CBA3-4F62-81B0-BD767574EAD0}.Debug|Any CPU.ActiveCfg = Debug|Any CPU
		{1C827989-CBA3-4F62-81B0-BD767574EAD0}.Debug|Any CPU.Build.0 = Debug|Any CPU
		{1C827989-CBA3-4F62-81B0-BD767574EAD0}.Release|Any CPU.ActiveCfg = Release|Any CPU
		{1C827989-CBA3-4F62-81B0-BD767574EAD0}.Release|Any CPU.Build.0 = Release|Any CPU
		{C9B48374-AEC1-4CA1-A72C-6C597019F08A}.Debug|Any CPU.ActiveCfg = Debug|Any CPU
		{C9B48374-AEC1-4CA1-A72C-6C597019F08A}.Debug|Any CPU.Build.0 = Debug|Any CPU
		{C9B48374-AEC1-4CA1-A72C-6C597019F08A}.Release|Any CPU.ActiveCfg = Release|Any CPU
		{C9B48374-AEC1-4CA1-A72C-6C597019F08A}.Release|Any CPU.Build.0 = Release|Any CPU
	EndGlobalSection
	GlobalSection(SolutionProperties) = preSolution
		HideSolutionNode = FALSE
	EndGlobalSection
	GlobalSection(ExtensibilityGlobals) = postSolution
		SolutionGuid = {6DC516DC-EC5B-44FA-9657-73E38548BA15}
	EndGlobalSection
EndGlobal
